{
  "nodes": {
    "android-nixpkgs": {
      "inputs": {
        "devshell": "devshell",
        "flake-utils": "flake-utils",
        "nixpkgs": [
          "nixpkgs"
        ]
      },
      "locked": {
        "lastModified": 1764102183,
        "narHash": "sha256-sO7V7amQ+j+pf8sAW+f+u5Gk+fu4pvjYW/Jm62ys8po=",
        "owner": "tadfisher",
        "repo": "android-nixpkgs",
        "rev": "670a0311db2d13a40a695d70c8701aacf85bff70",
        "type": "github"
      },
      "original": {
        "owner": "tadfisher",
        "ref": "stable",
        "repo": "android-nixpkgs",
        "type": "github"
      }
    },
    "devshell": {
      "inputs": {
        "nixpkgs": [
          "android-nixpkgs",
          "nixpkgs"
        ]
      },
      "locked": {
        "lastModified": 1764011051,
        "narHash": "sha256-M7SZyPZiqZUR/EiiBJnmyUbOi5oE/03tCeFrTiUZchI=",
        "owner": "numtide",
        "repo": "devshell",
        "rev": "17ed8d9744ebe70424659b0ef74ad6d41fc87071",
        "type": "github"
      },
      "original": {
        "owner": "numtide",
        "repo": "devshell",
        "type": "github"
      }
    },
    "devshell_2": {
      "inputs": {
        "nixpkgs": [
          "nixpkgs"
        ]
      },
      "locked": {
        "lastModified": 1762521328,
        "narHash": "sha256-4uGv/XDJ0FmceH1WDukHWBKklBTpadwm17GwZTTC1ZQ=",
        "owner": "numtide",
        "repo": "devshell",
        "rev": "9eee6508a16e6b63fa7b1a3ea387e2dbe321dbec",
        "type": "github"
      },
      "original": {
        "owner": "numtide",
        "repo": "devshell",
        "rev": "9eee6508a16e6b63fa7b1a3ea387e2dbe321dbec",
        "type": "github"
      }
    },
    "devshell_3": {
      "inputs": {
        "nixpkgs": [
          "git-z",
          "nixpkgs"
        ]
      },
      "locked": {
        "lastModified": 1741473158,
        "narHash": "sha256-kWNaq6wQUbUMlPgw8Y+9/9wP0F8SHkjy24/mN3UAppg=",
        "owner": "numtide",
        "repo": "devshell",
        "rev": "7c9e793ebe66bcba8292989a68c0419b737a22a0",
        "type": "github"
      },
      "original": {
        "owner": "numtide",
        "repo": "devshell",
        "type": "github"
      }
    },
    "flake-parts": {
      "inputs": {
        "nixpkgs-lib": [
          "nixpkgs"
        ]
      },
      "locked": {
        "lastModified": 1763759067,
        "narHash": "sha256-LlLt2Jo/gMNYAwOgdRQBrsRoOz7BPRkzvNaI/fzXi2Q=",
        "owner": "hercules-ci",
        "repo": "flake-parts",
        "rev": "2cccadc7357c0ba201788ae99c4dfa90728ef5e0",
        "type": "github"
      },
      "original": {
        "owner": "hercules-ci",
        "repo": "flake-parts",
        "type": "github"
      }
    },
    "flake-parts_2": {
      "inputs": {
        "nixpkgs-lib": [
          "git-z",
          "nixpkgs"
        ]
      },
      "locked": {
        "lastModified": 1743550720,
        "narHash": "sha256-hIshGgKZCgWh6AYJpJmRgFdR3WUbkY04o82X05xqQiY=",
        "owner": "hercules-ci",
        "repo": "flake-parts",
        "rev": "c621e8422220273271f52058f618c94e405bb0f5",
        "type": "github"
      },
      "original": {
        "owner": "hercules-ci",
        "repo": "flake-parts",
        "type": "github"
      }
    },
    "flake-utils": {
      "inputs": {
        "systems": "systems"
      },
      "locked": {
        "lastModified": 1731533236,
        "narHash": "sha256-l0KFg5HjrsfsO/JpG+r7fRrqm12kzFHyUHqHCVpMMbI=",
        "owner": "numtide",
        "repo": "flake-utils",
        "rev": "11707dc2f618dd54ca8739b309ec4fc024de578b",
        "type": "github"
      },
      "original": {
        "owner": "numtide",
        "repo": "flake-utils",
        "type": "github"
      }
    },
    "git-z": {
      "inputs": {
        "devshell": "devshell_3",
        "flake-parts": "flake-parts_2",
        "naersk": "naersk",
        "nixpkgs": [
          "nixpkgs"
        ],
        "rust-overlay": [
          "rust-overlay"
        ]
      },
      "locked": {
        "lastModified": 1745085302,
        "narHash": "sha256-mjw2LV78yJo0ZADAZYcBt/afNsw09u9qYLejMXnx3uU=",
        "rev": "d6940f2486cefb74aa8922e0ff8c5ef0387a7347",
        "revCount": 383,
        "type": "tarball",
        "url": "https://api.flakehub.com/f/pinned/ejpcmac/git-z/0.2.4/01964f40-20ea-7234-b7b6-6e60eb5ab4d5/source.tar.gz"
      },
      "original": {
        "type": "tarball",
        "url": "https://flakehub.com/f/ejpcmac/git-z/%2A"
      }
    },
    "naersk": {
      "inputs": {
        "nixpkgs": [
          "git-z",
          "nixpkgs"
        ]
      },
      "locked": {
        "lastModified": 1743800763,
        "narHash": "sha256-YFKV+fxEpMgP5VsUcM6Il28lI0NlpM7+oB1XxbBAYCw=",
        "owner": "nix-community",
        "repo": "naersk",
        "rev": "ed0232117731a4c19d3ee93aa0c382a8fe754b01",
        "type": "github"
      },
      "original": {
        "owner": "nix-community",
        "repo": "naersk",
        "type": "github"
      }
    },
    "nixpkgs": {
      "locked": {
        "lastModified": 1764176073,
        "narHash": "sha256-yLKIDZqYDfbTUZyySUkYKV376pD5LNwz3w2tOcq7OSk=",
        "owner": "NixOS",
        "repo": "nixpkgs",
        "rev": "ad8221eb39d7fe537ba1af10c2dbdae48a7d2833",
        "type": "github"
      },
      "original": {
        "owner": "NixOS",
        "repo": "nixpkgs",
        "type": "github"
      }
    },
    "root": {
      "inputs": {
        "android-nixpkgs": "android-nixpkgs",
        "devshell": "devshell_2",
        "flake-parts": "flake-parts",
        "git-z": "git-z",
        "nixpkgs": "nixpkgs",
        "rust-overlay": "rust-overlay"
      }
    },
    "rust-overlay": {
      "inputs": {
        "nixpkgs": [
          "nixpkgs"
        ]
      },
      "locked": {
        "lastModified": 1764124769,
        "narHash": "sha256-vcoOEy3i8AGJi3Y2C48hrf6CuL2h8W1gLe1gNt72Kxg=",
        "owner": "oxalica",
        "repo": "rust-overlay",
        "rev": "5da8c00313b4434f00aed6b4c94cd3b207bafdc5",
        "type": "github"
      },
      "original": {
        "owner": "oxalica",
        "repo": "rust-overlay",
        "type": "github"
      }
    },
    "systems": {
      "locked": {
        "lastModified": 1681028828,
        "narHash": "sha256-Vy1rq5AaRuLzOxct8nz4T6wlgyUR7zLU309k9mBC768=",
        "owner": "nix-systems",
        "repo": "default",
        "rev": "da67096a3b9bf56a91d16901293e51ba5b49a27e",
        "type": "github"
      },
      "original": {
        "owner": "nix-systems",
        "repo": "default",
        "type": "github"
      }
    }
  },
  "root": "root",
  "version": 7
}
